// !$*UTF8*$!
{
	archiveVersion = 1;
	classes = {
	};
	objectVersion = 50;
	objects = {

/* Begin PBXBuildFile section */
		D007DF862612EAF300905F1A /* UIView+Extension.swift in Sources */ = {isa = PBXBuildFile; fileRef = D007DF852612EAF300905F1A /* UIView+Extension.swift */; };
		D007DF8B2612F0E000905F1A /* BottomButton.swift in Sources */ = {isa = PBXBuildFile; fileRef = D007DF8A2612F0E000905F1A /* BottomButton.swift */; };
		D0623BD825FBEE4100A1EFEF /* AppDelegate.swift in Sources */ = {isa = PBXBuildFile; fileRef = D0623BD725FBEE4100A1EFEF /* AppDelegate.swift */; };
		D0623BDA25FBEE4100A1EFEF /* SceneDelegate.swift in Sources */ = {isa = PBXBuildFile; fileRef = D0623BD925FBEE4100A1EFEF /* SceneDelegate.swift */; };
		D0623BDC25FBEE4100A1EFEF /* TimerController.swift in Sources */ = {isa = PBXBuildFile; fileRef = D0623BDB25FBEE4100A1EFEF /* TimerController.swift */; };
		D0623BDF25FBEE4100A1EFEF /* Main.storyboard in Resources */ = {isa = PBXBuildFile; fileRef = D0623BDD25FBEE4100A1EFEF /* Main.storyboard */; };
		D0623BE125FBEE4400A1EFEF /* Assets.xcassets in Resources */ = {isa = PBXBuildFile; fileRef = D0623BE025FBEE4400A1EFEF /* Assets.xcassets */; };
		D0623BE425FBEE4400A1EFEF /* LaunchScreen.storyboard in Resources */ = {isa = PBXBuildFile; fileRef = D0623BE225FBEE4400A1EFEF /* LaunchScreen.storyboard */; };
		D0623BEF25FBEE4500A1EFEF /* KPopdoroTests.swift in Sources */ = {isa = PBXBuildFile; fileRef = D0623BEE25FBEE4500A1EFEF /* KPopdoroTests.swift */; };
		D0623BFA25FBEE4500A1EFEF /* KPopdoroUITests.swift in Sources */ = {isa = PBXBuildFile; fileRef = D0623BF925FBEE4500A1EFEF /* KPopdoroUITests.swift */; };
		D079EFFB261AC7420097C773 /* UIColor+Extension.swift in Sources */ = {isa = PBXBuildFile; fileRef = D079EFFA261AC7420097C773 /* UIColor+Extension.swift */; };
		D07CEDDA260D795100526E2F /* ProjectManager.swift in Sources */ = {isa = PBXBuildFile; fileRef = D07CEDD9260D795100526E2F /* ProjectManager.swift */; };
		D07CEDE3260D7F2600526E2F /* Task.swift in Sources */ = {isa = PBXBuildFile; fileRef = D07CEDE2260D7F2600526E2F /* Task.swift */; };
		D07CEDEE260D936900526E2F /* Data.swift in Sources */ = {isa = PBXBuildFile; fileRef = D07CEDED260D936900526E2F /* Data.swift */; };
		D07CEDF3260DAB3100526E2F /* ProjectViewModel.swift in Sources */ = {isa = PBXBuildFile; fileRef = D07CEDF2260DAB3100526E2F /* ProjectViewModel.swift */; };
		D0A7C952260C3D4A009AFCA5 /* ProjectsDataSource.swift in Sources */ = {isa = PBXBuildFile; fileRef = D0A7C951260C3D4A009AFCA5 /* ProjectsDataSource.swift */; };
		D0A7C957260C5707009AFCA5 /* Project.swift in Sources */ = {isa = PBXBuildFile; fileRef = D0A7C956260C5707009AFCA5 /* Project.swift */; };
		D0A7C95D260C6498009AFCA5 /* MockData.swift in Sources */ = {isa = PBXBuildFile; fileRef = D0A7C95C260C6498009AFCA5 /* MockData.swift */; };
		D0A7C967260D4351009AFCA5 /* ProjectCell.swift in Sources */ = {isa = PBXBuildFile; fileRef = D0A7C966260D4351009AFCA5 /* ProjectCell.swift */; };
		D0B3431726702A6C00CA0B51 /* HalfSizePresentationController.swift in Sources */ = {isa = PBXBuildFile; fileRef = D0B3431626702A6C00CA0B51 /* HalfSizePresentationController.swift */; };
		D0E4934C26055A5E00572CA0 /* IdolController.swift in Sources */ = {isa = PBXBuildFile; fileRef = D0E4934B26055A5E00572CA0 /* IdolController.swift */; };
		D0E4935126055A9A00572CA0 /* IdolView.swift in Sources */ = {isa = PBXBuildFile; fileRef = D0E4935026055A9A00572CA0 /* IdolView.swift */; };
		D0E4935626055B6400572CA0 /* Theme.swift in Sources */ = {isa = PBXBuildFile; fileRef = D0E4935526055B6400572CA0 /* Theme.swift */; };
		D0E4935D26055B7F00572CA0 /* ThemeProtocol.swift in Sources */ = {isa = PBXBuildFile; fileRef = D0E4935C26055B7F00572CA0 /* ThemeProtocol.swift */; };
		D0E49362260A99F400572CA0 /* TimerView.swift in Sources */ = {isa = PBXBuildFile; fileRef = D0E49361260A99F400572CA0 /* TimerView.swift */; };
		D0E49367260A9AF600572CA0 /* HomeController.swift in Sources */ = {isa = PBXBuildFile; fileRef = D0E49366260A9AF600572CA0 /* HomeController.swift */; };
		D0E4936C260A9B2500572CA0 /* HomeView.swift in Sources */ = {isa = PBXBuildFile; fileRef = D0E4936B260A9B2500572CA0 /* HomeView.swift */; };
		D0E49371260AA59200572CA0 /* ViewController+Extension.swift in Sources */ = {isa = PBXBuildFile; fileRef = D0E49370260AA59200572CA0 /* ViewController+Extension.swift */; };
		D0E49377260ADDAC00572CA0 /* TimerManager.swift in Sources */ = {isa = PBXBuildFile; fileRef = D0E49376260ADDAC00572CA0 /* TimerManager.swift */; };
		D0E4937F260AEF5600572CA0 /* TimerProtocol.swift in Sources */ = {isa = PBXBuildFile; fileRef = D0E4937E260AEF5600572CA0 /* TimerProtocol.swift */; };
		D0E49387260C065C00572CA0 /* ProjectsController.swift in Sources */ = {isa = PBXBuildFile; fileRef = D0E49386260C065C00572CA0 /* ProjectsController.swift */; };
		D0E49399260C0E0900572CA0 /* ProjectsView.swift in Sources */ = {isa = PBXBuildFile; fileRef = D0E49398260C0E0900572CA0 /* ProjectsView.swift */; };
/* End PBXBuildFile section */

/* Begin PBXContainerItemProxy section */
		D0623BEB25FBEE4500A1EFEF /* PBXContainerItemProxy */ = {
			isa = PBXContainerItemProxy;
			containerPortal = D0623BCC25FBEE4100A1EFEF /* Project object */;
			proxyType = 1;
			remoteGlobalIDString = D0623BD325FBEE4100A1EFEF;
			remoteInfo = KPopdoro;
		};
		D0623BF625FBEE4500A1EFEF /* PBXContainerItemProxy */ = {
			isa = PBXContainerItemProxy;
			containerPortal = D0623BCC25FBEE4100A1EFEF /* Project object */;
			proxyType = 1;
			remoteGlobalIDString = D0623BD325FBEE4100A1EFEF;
			remoteInfo = KPopdoro;
		};
/* End PBXContainerItemProxy section */

/* Begin PBXFileReference section */
		D007DF852612EAF300905F1A /* UIView+Extension.swift */ = {isa = PBXFileReference; lastKnownFileType = sourcecode.swift; path = "UIView+Extension.swift"; sourceTree = "<group>"; };
		D007DF8A2612F0E000905F1A /* BottomButton.swift */ = {isa = PBXFileReference; lastKnownFileType = sourcecode.swift; path = BottomButton.swift; sourceTree = "<group>"; };
		D0623BD425FBEE4100A1EFEF /* KPopdoro.app */ = {isa = PBXFileReference; explicitFileType = wrapper.application; includeInIndex = 0; path = KPopdoro.app; sourceTree = BUILT_PRODUCTS_DIR; };
		D0623BD725FBEE4100A1EFEF /* AppDelegate.swift */ = {isa = PBXFileReference; lastKnownFileType = sourcecode.swift; path = AppDelegate.swift; sourceTree = "<group>"; };
		D0623BD925FBEE4100A1EFEF /* SceneDelegate.swift */ = {isa = PBXFileReference; lastKnownFileType = sourcecode.swift; path = SceneDelegate.swift; sourceTree = "<group>"; };
		D0623BDB25FBEE4100A1EFEF /* TimerController.swift */ = {isa = PBXFileReference; lastKnownFileType = sourcecode.swift; path = TimerController.swift; sourceTree = "<group>"; };
		D0623BDE25FBEE4100A1EFEF /* Base */ = {isa = PBXFileReference; lastKnownFileType = file.storyboard; name = Base; path = Base.lproj/Main.storyboard; sourceTree = "<group>"; };
		D0623BE025FBEE4400A1EFEF /* Assets.xcassets */ = {isa = PBXFileReference; lastKnownFileType = folder.assetcatalog; path = Assets.xcassets; sourceTree = "<group>"; };
		D0623BE325FBEE4400A1EFEF /* Base */ = {isa = PBXFileReference; lastKnownFileType = file.storyboard; name = Base; path = Base.lproj/LaunchScreen.storyboard; sourceTree = "<group>"; };
		D0623BE525FBEE4400A1EFEF /* Info.plist */ = {isa = PBXFileReference; lastKnownFileType = text.plist.xml; path = Info.plist; sourceTree = "<group>"; };
		D0623BEA25FBEE4500A1EFEF /* KPopdoroTests.xctest */ = {isa = PBXFileReference; explicitFileType = wrapper.cfbundle; includeInIndex = 0; path = KPopdoroTests.xctest; sourceTree = BUILT_PRODUCTS_DIR; };
		D0623BEE25FBEE4500A1EFEF /* KPopdoroTests.swift */ = {isa = PBXFileReference; lastKnownFileType = sourcecode.swift; path = KPopdoroTests.swift; sourceTree = "<group>"; };
		D0623BF025FBEE4500A1EFEF /* Info.plist */ = {isa = PBXFileReference; lastKnownFileType = text.plist.xml; path = Info.plist; sourceTree = "<group>"; };
		D0623BF525FBEE4500A1EFEF /* KPopdoroUITests.xctest */ = {isa = PBXFileReference; explicitFileType = wrapper.cfbundle; includeInIndex = 0; path = KPopdoroUITests.xctest; sourceTree = BUILT_PRODUCTS_DIR; };
		D0623BF925FBEE4500A1EFEF /* KPopdoroUITests.swift */ = {isa = PBXFileReference; lastKnownFileType = sourcecode.swift; path = KPopdoroUITests.swift; sourceTree = "<group>"; };
		D0623BFB25FBEE4500A1EFEF /* Info.plist */ = {isa = PBXFileReference; lastKnownFileType = text.plist.xml; path = Info.plist; sourceTree = "<group>"; };
		D079EFFA261AC7420097C773 /* UIColor+Extension.swift */ = {isa = PBXFileReference; lastKnownFileType = sourcecode.swift; path = "UIColor+Extension.swift"; sourceTree = "<group>"; };
		D07CEDD9260D795100526E2F /* ProjectManager.swift */ = {isa = PBXFileReference; lastKnownFileType = sourcecode.swift; path = ProjectManager.swift; sourceTree = "<group>"; };
		D07CEDE2260D7F2600526E2F /* Task.swift */ = {isa = PBXFileReference; lastKnownFileType = sourcecode.swift; path = Task.swift; sourceTree = "<group>"; };
		D07CEDED260D936900526E2F /* Data.swift */ = {isa = PBXFileReference; lastKnownFileType = sourcecode.swift; path = Data.swift; sourceTree = "<group>"; };
		D07CEDF2260DAB3100526E2F /* ProjectViewModel.swift */ = {isa = PBXFileReference; lastKnownFileType = sourcecode.swift; path = ProjectViewModel.swift; sourceTree = "<group>"; };
		D0A7C951260C3D4A009AFCA5 /* ProjectsDataSource.swift */ = {isa = PBXFileReference; lastKnownFileType = sourcecode.swift; path = ProjectsDataSource.swift; sourceTree = "<group>"; };
		D0A7C956260C5707009AFCA5 /* Project.swift */ = {isa = PBXFileReference; lastKnownFileType = sourcecode.swift; path = Project.swift; sourceTree = "<group>"; };
		D0A7C95C260C6498009AFCA5 /* MockData.swift */ = {isa = PBXFileReference; lastKnownFileType = sourcecode.swift; path = MockData.swift; sourceTree = "<group>"; };
		D0A7C966260D4351009AFCA5 /* ProjectCell.swift */ = {isa = PBXFileReference; lastKnownFileType = sourcecode.swift; path = ProjectCell.swift; sourceTree = "<group>"; };
		D0B3431626702A6C00CA0B51 /* HalfSizePresentationController.swift */ = {isa = PBXFileReference; lastKnownFileType = sourcecode.swift; path = HalfSizePresentationController.swift; sourceTree = "<group>"; };
		D0E4934B26055A5E00572CA0 /* IdolController.swift */ = {isa = PBXFileReference; lastKnownFileType = sourcecode.swift; path = IdolController.swift; sourceTree = "<group>"; };
		D0E4935026055A9A00572CA0 /* IdolView.swift */ = {isa = PBXFileReference; lastKnownFileType = sourcecode.swift; path = IdolView.swift; sourceTree = "<group>"; };
		D0E4935526055B6400572CA0 /* Theme.swift */ = {isa = PBXFileReference; lastKnownFileType = sourcecode.swift; path = Theme.swift; sourceTree = "<group>"; };
		D0E4935C26055B7F00572CA0 /* ThemeProtocol.swift */ = {isa = PBXFileReference; lastKnownFileType = sourcecode.swift; path = ThemeProtocol.swift; sourceTree = "<group>"; };
		D0E49361260A99F400572CA0 /* TimerView.swift */ = {isa = PBXFileReference; lastKnownFileType = sourcecode.swift; path = TimerView.swift; sourceTree = "<group>"; };
		D0E49366260A9AF600572CA0 /* HomeController.swift */ = {isa = PBXFileReference; lastKnownFileType = sourcecode.swift; path = HomeController.swift; sourceTree = "<group>"; };
		D0E4936B260A9B2500572CA0 /* HomeView.swift */ = {isa = PBXFileReference; lastKnownFileType = sourcecode.swift; path = HomeView.swift; sourceTree = "<group>"; };
		D0E49370260AA59200572CA0 /* ViewController+Extension.swift */ = {isa = PBXFileReference; lastKnownFileType = sourcecode.swift; path = "ViewController+Extension.swift"; sourceTree = "<group>"; };
		D0E49376260ADDAC00572CA0 /* TimerManager.swift */ = {isa = PBXFileReference; lastKnownFileType = sourcecode.swift; path = TimerManager.swift; sourceTree = "<group>"; };
		D0E4937E260AEF5600572CA0 /* TimerProtocol.swift */ = {isa = PBXFileReference; lastKnownFileType = sourcecode.swift; name = TimerProtocol.swift; path = ../../../../TimerProtocol.swift; sourceTree = "<group>"; };
		D0E49386260C065C00572CA0 /* ProjectsController.swift */ = {isa = PBXFileReference; lastKnownFileType = sourcecode.swift; path = ProjectsController.swift; sourceTree = "<group>"; };
		D0E49398260C0E0900572CA0 /* ProjectsView.swift */ = {isa = PBXFileReference; lastKnownFileType = sourcecode.swift; path = ProjectsView.swift; sourceTree = "<group>"; };
/* End PBXFileReference section */

/* Begin PBXFrameworksBuildPhase section */
		D0623BD125FBEE4100A1EFEF /* Frameworks */ = {
			isa = PBXFrameworksBuildPhase;
			buildActionMask = 2147483647;
			files = (
			);
			runOnlyForDeploymentPostprocessing = 0;
		};
		D0623BE725FBEE4500A1EFEF /* Frameworks */ = {
			isa = PBXFrameworksBuildPhase;
			buildActionMask = 2147483647;
			files = (
			);
			runOnlyForDeploymentPostprocessing = 0;
		};
		D0623BF225FBEE4500A1EFEF /* Frameworks */ = {
			isa = PBXFrameworksBuildPhase;
			buildActionMask = 2147483647;
			files = (
			);
			runOnlyForDeploymentPostprocessing = 0;
		};
/* End PBXFrameworksBuildPhase section */

/* Begin PBXGroup section */
		D0623BCB25FBEE4100A1EFEF = {
			isa = PBXGroup;
			children = (
				D0623BD625FBEE4100A1EFEF /* KPopdoro */,
				D0623BED25FBEE4500A1EFEF /* KPopdoroTests */,
				D0623BF825FBEE4500A1EFEF /* KPopdoroUITests */,
				D0623BD525FBEE4100A1EFEF /* Products */,
			);
			sourceTree = "<group>";
		};
		D0623BD525FBEE4100A1EFEF /* Products */ = {
			isa = PBXGroup;
			children = (
				D0623BD425FBEE4100A1EFEF /* KPopdoro.app */,
				D0623BEA25FBEE4500A1EFEF /* KPopdoroTests.xctest */,
				D0623BF525FBEE4500A1EFEF /* KPopdoroUITests.xctest */,
			);
			name = Products;
			sourceTree = "<group>";
		};
		D0623BD625FBEE4100A1EFEF /* KPopdoro */ = {
			isa = PBXGroup;
			children = (
				D0623C0A25FBEE4C00A1EFEF /* Models */,
				D0A7C96B260D43DF009AFCA5 /* Projects */,
				D0E49375260AD79000572CA0 /* Managers */,
				D0623C0B25FBEE5300A1EFEF /* Views */,
				D0623C1225FBF37800A1EFEF /* ViewModels */,
				D0623C0F25FBEE5800A1EFEF /* Controllers */,
				D0623C1025FBF35E00A1EFEF /* Resources */,
				D0623BDD25FBEE4100A1EFEF /* Main.storyboard */,
				D0623BE025FBEE4400A1EFEF /* Assets.xcassets */,
				D0623BE225FBEE4400A1EFEF /* LaunchScreen.storyboard */,
				D0623BE525FBEE4400A1EFEF /* Info.plist */,
			);
			path = KPopdoro;
			sourceTree = "<group>";
		};
		D0623BED25FBEE4500A1EFEF /* KPopdoroTests */ = {
			isa = PBXGroup;
			children = (
				D0623BEE25FBEE4500A1EFEF /* KPopdoroTests.swift */,
				D0623BF025FBEE4500A1EFEF /* Info.plist */,
			);
			path = KPopdoroTests;
			sourceTree = "<group>";
		};
		D0623BF825FBEE4500A1EFEF /* KPopdoroUITests */ = {
			isa = PBXGroup;
			children = (
				D0623BF925FBEE4500A1EFEF /* KPopdoroUITests.swift */,
				D0623BFB25FBEE4500A1EFEF /* Info.plist */,
			);
			path = KPopdoroUITests;
			sourceTree = "<group>";
		};
		D0623C0A25FBEE4C00A1EFEF /* Models */ = {
			isa = PBXGroup;
			children = (
				D0A7C95C260C6498009AFCA5 /* MockData.swift */,
				D07CEDE2260D7F2600526E2F /* Task.swift */,
				D07CEDED260D936900526E2F /* Data.swift */,
				D0A7C956260C5707009AFCA5 /* Project.swift */,
			);
			path = Models;
			sourceTree = "<group>";
		};
		D0623C0B25FBEE5300A1EFEF /* Views */ = {
			isa = PBXGroup;
			children = (
				D0E4935026055A9A00572CA0 /* IdolView.swift */,
				D0E49361260A99F400572CA0 /* TimerView.swift */,
				D0E4936B260A9B2500572CA0 /* HomeView.swift */,
				D007DF8A2612F0E000905F1A /* BottomButton.swift */,
			);
			path = Views;
			sourceTree = "<group>";
		};
		D0623C0F25FBEE5800A1EFEF /* Controllers */ = {
			isa = PBXGroup;
			children = (
				D0623BDB25FBEE4100A1EFEF /* TimerController.swift */,
				D0E4934B26055A5E00572CA0 /* IdolController.swift */,
				D0E49366260A9AF600572CA0 /* HomeController.swift */,
			);
			path = Controllers;
			sourceTree = "<group>";
		};
		D0623C1025FBF35E00A1EFEF /* Resources */ = {
			isa = PBXGroup;
			children = (
				D0623BD725FBEE4100A1EFEF /* AppDelegate.swift */,
				D0623BD925FBEE4100A1EFEF /* SceneDelegate.swift */,
				D0E4935526055B6400572CA0 /* Theme.swift */,
				D0E4935C26055B7F00572CA0 /* ThemeProtocol.swift */,
				D0E49370260AA59200572CA0 /* ViewController+Extension.swift */,
				D0E4937E260AEF5600572CA0 /* TimerProtocol.swift */,
				D007DF852612EAF300905F1A /* UIView+Extension.swift */,
				D079EFFA261AC7420097C773 /* UIColor+Extension.swift */,
				D0B3431626702A6C00CA0B51 /* HalfSizePresentationController.swift */,
			);
			path = Resources;
			sourceTree = "<group>";
		};
		D0623C1225FBF37800A1EFEF /* ViewModels */ = {
			isa = PBXGroup;
			children = (
				D07CEDF2260DAB3100526E2F /* ProjectViewModel.swift */,
			);
			path = ViewModels;
			sourceTree = "<group>";
		};
		D0A7C96B260D43DF009AFCA5 /* Projects */ = {
			isa = PBXGroup;
			children = (
				D0E49386260C065C00572CA0 /* ProjectsController.swift */,
				D0A7C951260C3D4A009AFCA5 /* ProjectsDataSource.swift */,
				D0E49398260C0E0900572CA0 /* ProjectsView.swift */,
				D0A7C966260D4351009AFCA5 /* ProjectCell.swift */,
				D07CEDD9260D795100526E2F /* ProjectManager.swift */,
			);
			path = Projects;
			sourceTree = "<group>";
		};
		D0E49375260AD79000572CA0 /* Managers */ = {
			isa = PBXGroup;
			children = (
				D0E49376260ADDAC00572CA0 /* TimerManager.swift */,
			);
			path = Managers;
			sourceTree = "<group>";
		};
/* End PBXGroup section */

/* Begin PBXNativeTarget section */
		D0623BD325FBEE4100A1EFEF /* KPopdoro */ = {
			isa = PBXNativeTarget;
			buildConfigurationList = D0623BFE25FBEE4500A1EFEF /* Build configuration list for PBXNativeTarget "KPopdoro" */;
			buildPhases = (
				D0623BD025FBEE4100A1EFEF /* Sources */,
				D0623BD125FBEE4100A1EFEF /* Frameworks */,
				D0623BD225FBEE4100A1EFEF /* Resources */,
			);
			buildRules = (
			);
			dependencies = (
			);
			name = KPopdoro;
			productName = KPopdoro;
			productReference = D0623BD425FBEE4100A1EFEF /* KPopdoro.app */;
			productType = "com.apple.product-type.application";
		};
		D0623BE925FBEE4500A1EFEF /* KPopdoroTests */ = {
			isa = PBXNativeTarget;
			buildConfigurationList = D0623C0125FBEE4500A1EFEF /* Build configuration list for PBXNativeTarget "KPopdoroTests" */;
			buildPhases = (
				D0623BE625FBEE4500A1EFEF /* Sources */,
				D0623BE725FBEE4500A1EFEF /* Frameworks */,
				D0623BE825FBEE4500A1EFEF /* Resources */,
			);
			buildRules = (
			);
			dependencies = (
				D0623BEC25FBEE4500A1EFEF /* PBXTargetDependency */,
			);
			name = KPopdoroTests;
			productName = KPopdoroTests;
			productReference = D0623BEA25FBEE4500A1EFEF /* KPopdoroTests.xctest */;
			productType = "com.apple.product-type.bundle.unit-test";
		};
		D0623BF425FBEE4500A1EFEF /* KPopdoroUITests */ = {
			isa = PBXNativeTarget;
			buildConfigurationList = D0623C0425FBEE4500A1EFEF /* Build configuration list for PBXNativeTarget "KPopdoroUITests" */;
			buildPhases = (
				D0623BF125FBEE4500A1EFEF /* Sources */,
				D0623BF225FBEE4500A1EFEF /* Frameworks */,
				D0623BF325FBEE4500A1EFEF /* Resources */,
			);
			buildRules = (
			);
			dependencies = (
				D0623BF725FBEE4500A1EFEF /* PBXTargetDependency */,
			);
			name = KPopdoroUITests;
			productName = KPopdoroUITests;
			productReference = D0623BF525FBEE4500A1EFEF /* KPopdoroUITests.xctest */;
			productType = "com.apple.product-type.bundle.ui-testing";
		};
/* End PBXNativeTarget section */

/* Begin PBXProject section */
		D0623BCC25FBEE4100A1EFEF /* Project object */ = {
			isa = PBXProject;
			attributes = {
				LastSwiftUpdateCheck = 1220;
				LastUpgradeCheck = 1220;
				TargetAttributes = {
					D0623BD325FBEE4100A1EFEF = {
						CreatedOnToolsVersion = 12.2;
					};
					D0623BE925FBEE4500A1EFEF = {
						CreatedOnToolsVersion = 12.2;
						TestTargetID = D0623BD325FBEE4100A1EFEF;
					};
					D0623BF425FBEE4500A1EFEF = {
						CreatedOnToolsVersion = 12.2;
						TestTargetID = D0623BD325FBEE4100A1EFEF;
					};
				};
			};
			buildConfigurationList = D0623BCF25FBEE4100A1EFEF /* Build configuration list for PBXProject "KPopdoro" */;
			compatibilityVersion = "Xcode 9.3";
			developmentRegion = en;
			hasScannedForEncodings = 0;
			knownRegions = (
				en,
				Base,
			);
			mainGroup = D0623BCB25FBEE4100A1EFEF;
			productRefGroup = D0623BD525FBEE4100A1EFEF /* Products */;
			projectDirPath = "";
			projectRoot = "";
			targets = (
				D0623BD325FBEE4100A1EFEF /* KPopdoro */,
				D0623BE925FBEE4500A1EFEF /* KPopdoroTests */,
				D0623BF425FBEE4500A1EFEF /* KPopdoroUITests */,
			);
		};
/* End PBXProject section */

/* Begin PBXResourcesBuildPhase section */
		D0623BD225FBEE4100A1EFEF /* Resources */ = {
			isa = PBXResourcesBuildPhase;
			buildActionMask = 2147483647;
			files = (
				D0623BE425FBEE4400A1EFEF /* LaunchScreen.storyboard in Resources */,
				D0623BE125FBEE4400A1EFEF /* Assets.xcassets in Resources */,
				D0623BDF25FBEE4100A1EFEF /* Main.storyboard in Resources */,
			);
			runOnlyForDeploymentPostprocessing = 0;
		};
		D0623BE825FBEE4500A1EFEF /* Resources */ = {
			isa = PBXResourcesBuildPhase;
			buildActionMask = 2147483647;
			files = (
			);
			runOnlyForDeploymentPostprocessing = 0;
		};
		D0623BF325FBEE4500A1EFEF /* Resources */ = {
			isa = PBXResourcesBuildPhase;
			buildActionMask = 2147483647;
			files = (
			);
			runOnlyForDeploymentPostprocessing = 0;
		};
/* End PBXResourcesBuildPhase section */

/* Begin PBXSourcesBuildPhase section */
		D0623BD025FBEE4100A1EFEF /* Sources */ = {
			isa = PBXSourcesBuildPhase;
			buildActionMask = 2147483647;
			files = (
				D0E49399260C0E0900572CA0 /* ProjectsView.swift in Sources */,
				D07CEDDA260D795100526E2F /* ProjectManager.swift in Sources */,
				D0623BDC25FBEE4100A1EFEF /* TimerController.swift in Sources */,
				D079EFFB261AC7420097C773 /* UIColor+Extension.swift in Sources */,
				D0E4935126055A9A00572CA0 /* IdolView.swift in Sources */,
				D0623BD825FBEE4100A1EFEF /* AppDelegate.swift in Sources */,
				D0E49387260C065C00572CA0 /* ProjectsController.swift in Sources */,
				D0E4936C260A9B2500572CA0 /* HomeView.swift in Sources */,
				D0E4937F260AEF5600572CA0 /* TimerProtocol.swift in Sources */,
				D0B3431726702A6C00CA0B51 /* HalfSizePresentationController.swift in Sources */,
				D0A7C967260D4351009AFCA5 /* ProjectCell.swift in Sources */,
				D0E4935D26055B7F00572CA0 /* ThemeProtocol.swift in Sources */,
				D0A7C952260C3D4A009AFCA5 /* ProjectsDataSource.swift in Sources */,
				D0E4935626055B6400572CA0 /* Theme.swift in Sources */,
				D0E49367260A9AF600572CA0 /* HomeController.swift in Sources */,
				D0623BDA25FBEE4100A1EFEF /* SceneDelegate.swift in Sources */,
				D0E49371260AA59200572CA0 /* ViewController+Extension.swift in Sources */,
				D07CEDEE260D936900526E2F /* Data.swift in Sources */,
				D07CEDF3260DAB3100526E2F /* ProjectViewModel.swift in Sources */,
				D0A7C95D260C6498009AFCA5 /* MockData.swift in Sources */,
				D0E49377260ADDAC00572CA0 /* TimerManager.swift in Sources */,
				D0A7C957260C5707009AFCA5 /* Project.swift in Sources */,
				D0E49362260A99F400572CA0 /* TimerView.swift in Sources */,
				D007DF8B2612F0E000905F1A /* BottomButton.swift in Sources */,
				D07CEDE3260D7F2600526E2F /* Task.swift in Sources */,
				D007DF862612EAF300905F1A /* UIView+Extension.swift in Sources */,
				D0E4934C26055A5E00572CA0 /* IdolController.swift in Sources */,
			);
			runOnlyForDeploymentPostprocessing = 0;
		};
		D0623BE625FBEE4500A1EFEF /* Sources */ = {
			isa = PBXSourcesBuildPhase;
			buildActionMask = 2147483647;
			files = (
				D0623BEF25FBEE4500A1EFEF /* KPopdoroTests.swift in Sources */,
			);
			runOnlyForDeploymentPostprocessing = 0;
		};
		D0623BF125FBEE4500A1EFEF /* Sources */ = {
			isa = PBXSourcesBuildPhase;
			buildActionMask = 2147483647;
			files = (
				D0623BFA25FBEE4500A1EFEF /* KPopdoroUITests.swift in Sources */,
			);
			runOnlyForDeploymentPostprocessing = 0;
		};
/* End PBXSourcesBuildPhase section */

/* Begin PBXTargetDependency section */
		D0623BEC25FBEE4500A1EFEF /* PBXTargetDependency */ = {
			isa = PBXTargetDependency;
			target = D0623BD325FBEE4100A1EFEF /* KPopdoro */;
			targetProxy = D0623BEB25FBEE4500A1EFEF /* PBXContainerItemProxy */;
		};
		D0623BF725FBEE4500A1EFEF /* PBXTargetDependency */ = {
			isa = PBXTargetDependency;
			target = D0623BD325FBEE4100A1EFEF /* KPopdoro */;
			targetProxy = D0623BF625FBEE4500A1EFEF /* PBXContainerItemProxy */;
		};
/* End PBXTargetDependency section */

/* Begin PBXVariantGroup section */
		D0623BDD25FBEE4100A1EFEF /* Main.storyboard */ = {
			isa = PBXVariantGroup;
			children = (
				D0623BDE25FBEE4100A1EFEF /* Base */,
			);
			name = Main.storyboard;
			sourceTree = "<group>";
		};
		D0623BE225FBEE4400A1EFEF /* LaunchScreen.storyboard */ = {
			isa = PBXVariantGroup;
			children = (
				D0623BE325FBEE4400A1EFEF /* Base */,
			);
			name = LaunchScreen.storyboard;
			sourceTree = "<group>";
		};
/* End PBXVariantGroup section */

/* Begin XCBuildConfiguration section */
		D0623BFC25FBEE4500A1EFEF /* Debug */ = {
			isa = XCBuildConfiguration;
			buildSettings = {
				ALWAYS_SEARCH_USER_PATHS = NO;
				CLANG_ANALYZER_NONNULL = YES;
				CLANG_ANALYZER_NUMBER_OBJECT_CONVERSION = YES_AGGRESSIVE;
				CLANG_CXX_LANGUAGE_STANDARD = "gnu++14";
				CLANG_CXX_LIBRARY = "libc++";
				CLANG_ENABLE_MODULES = YES;
				CLANG_ENABLE_OBJC_ARC = YES;
				CLANG_ENABLE_OBJC_WEAK = YES;
				CLANG_WARN_BLOCK_CAPTURE_AUTORELEASING = YES;
				CLANG_WARN_BOOL_CONVERSION = YES;
				CLANG_WARN_COMMA = YES;
				CLANG_WARN_CONSTANT_CONVERSION = YES;
				CLANG_WARN_DEPRECATED_OBJC_IMPLEMENTATIONS = YES;
				CLANG_WARN_DIRECT_OBJC_ISA_USAGE = YES_ERROR;
				CLANG_WARN_DOCUMENTATION_COMMENTS = YES;
				CLANG_WARN_EMPTY_BODY = YES;
				CLANG_WARN_ENUM_CONVERSION = YES;
				CLANG_WARN_INFINITE_RECURSION = YES;
				CLANG_WARN_INT_CONVERSION = YES;
				CLANG_WARN_NON_LITERAL_NULL_CONVERSION = YES;
				CLANG_WARN_OBJC_IMPLICIT_RETAIN_SELF = YES;
				CLANG_WARN_OBJC_LITERAL_CONVERSION = YES;
				CLANG_WARN_OBJC_ROOT_CLASS = YES_ERROR;
				CLANG_WARN_QUOTED_INCLUDE_IN_FRAMEWORK_HEADER = YES;
				CLANG_WARN_RANGE_LOOP_ANALYSIS = YES;
				CLANG_WARN_STRICT_PROTOTYPES = YES;
				CLANG_WARN_SUSPICIOUS_MOVE = YES;
				CLANG_WARN_UNGUARDED_AVAILABILITY = YES_AGGRESSIVE;
				CLANG_WARN_UNREACHABLE_CODE = YES;
				CLANG_WARN__DUPLICATE_METHOD_MATCH = YES;
				COPY_PHASE_STRIP = NO;
				DEBUG_INFORMATION_FORMAT = dwarf;
				ENABLE_STRICT_OBJC_MSGSEND = YES;
				ENABLE_TESTABILITY = YES;
				GCC_C_LANGUAGE_STANDARD = gnu11;
				GCC_DYNAMIC_NO_PIC = NO;
				GCC_NO_COMMON_BLOCKS = YES;
				GCC_OPTIMIZATION_LEVEL = 0;
				GCC_PREPROCESSOR_DEFINITIONS = (
					"DEBUG=1",
					"$(inherited)",
				);
				GCC_WARN_64_TO_32_BIT_CONVERSION = YES;
				GCC_WARN_ABOUT_RETURN_TYPE = YES_ERROR;
				GCC_WARN_UNDECLARED_SELECTOR = YES;
				GCC_WARN_UNINITIALIZED_AUTOS = YES_AGGRESSIVE;
				GCC_WARN_UNUSED_FUNCTION = YES;
				GCC_WARN_UNUSED_VARIABLE = YES;
				IPHONEOS_DEPLOYMENT_TARGET = 14.2;
				MTL_ENABLE_DEBUG_INFO = INCLUDE_SOURCE;
				MTL_FAST_MATH = YES;
				ONLY_ACTIVE_ARCH = YES;
				SDKROOT = iphoneos;
				SWIFT_ACTIVE_COMPILATION_CONDITIONS = DEBUG;
				SWIFT_OPTIMIZATION_LEVEL = "-Onone";
			};
			name = Debug;
		};
		D0623BFD25FBEE4500A1EFEF /* Release */ = {
			isa = XCBuildConfiguration;
			buildSettings = {
				ALWAYS_SEARCH_USER_PATHS = NO;
				CLANG_ANALYZER_NONNULL = YES;
				CLANG_ANALYZER_NUMBER_OBJECT_CONVERSION = YES_AGGRESSIVE;
				CLANG_CXX_LANGUAGE_STANDARD = "gnu++14";
				CLANG_CXX_LIBRARY = "libc++";
				CLANG_ENABLE_MODULES = YES;
				CLANG_ENABLE_OBJC_ARC = YES;
				CLANG_ENABLE_OBJC_WEAK = YES;
				CLANG_WARN_BLOCK_CAPTURE_AUTORELEASING = YES;
				CLANG_WARN_BOOL_CONVERSION = YES;
				CLANG_WARN_COMMA = YES;
				CLANG_WARN_CONSTANT_CONVERSION = YES;
				CLANG_WARN_DEPRECATED_OBJC_IMPLEMENTATIONS = YES;
				CLANG_WARN_DIRECT_OBJC_ISA_USAGE = YES_ERROR;
				CLANG_WARN_DOCUMENTATION_COMMENTS = YES;
				CLANG_WARN_EMPTY_BODY = YES;
				CLANG_WARN_ENUM_CONVERSION = YES;
				CLANG_WARN_INFINITE_RECURSION = YES;
				CLANG_WARN_INT_CONVERSION = YES;
				CLANG_WARN_NON_LITERAL_NULL_CONVERSION = YES;
				CLANG_WARN_OBJC_IMPLICIT_RETAIN_SELF = YES;
				CLANG_WARN_OBJC_LITERAL_CONVERSION = YES;
				CLANG_WARN_OBJC_ROOT_CLASS = YES_ERROR;
				CLANG_WARN_QUOTED_INCLUDE_IN_FRAMEWORK_HEADER = YES;
				CLANG_WARN_RANGE_LOOP_ANALYSIS = YES;
				CLANG_WARN_STRICT_PROTOTYPES = YES;
				CLANG_WARN_SUSPICIOUS_MOVE = YES;
				CLANG_WARN_UNGUARDED_AVAILABILITY = YES_AGGRESSIVE;
				CLANG_WARN_UNREACHABLE_CODE = YES;
				CLANG_WARN__DUPLICATE_METHOD_MATCH = YES;
				COPY_PHASE_STRIP = NO;
				DEBUG_INFORMATION_FORMAT = "dwarf-with-dsym";
				ENABLE_NS_ASSERTIONS = NO;
				ENABLE_STRICT_OBJC_MSGSEND = YES;
				GCC_C_LANGUAGE_STANDARD = gnu11;
				GCC_NO_COMMON_BLOCKS = YES;
				GCC_WARN_64_TO_32_BIT_CONVERSION = YES;
				GCC_WARN_ABOUT_RETURN_TYPE = YES_ERROR;
				GCC_WARN_UNDECLARED_SELECTOR = YES;
				GCC_WARN_UNINITIALIZED_AUTOS = YES_AGGRESSIVE;
				GCC_WARN_UNUSED_FUNCTION = YES;
				GCC_WARN_UNUSED_VARIABLE = YES;
				IPHONEOS_DEPLOYMENT_TARGET = 14.2;
				MTL_ENABLE_DEBUG_INFO = NO;
				MTL_FAST_MATH = YES;
				SDKROOT = iphoneos;
				SWIFT_COMPILATION_MODE = wholemodule;
				SWIFT_OPTIMIZATION_LEVEL = "-O";
				VALIDATE_PRODUCT = YES;
			};
			name = Release;
		};
		D0623BFF25FBEE4500A1EFEF /* Debug */ = {
			isa = XCBuildConfiguration;
			buildSettings = {
				ASSETCATALOG_COMPILER_APPICON_NAME = AppIcon;
				ASSETCATALOG_COMPILER_GLOBAL_ACCENT_COLOR_NAME = AccentColor;
				CODE_SIGN_STYLE = Automatic;
				DEVELOPMENT_TEAM = S7297N2DPU;
				INFOPLIST_FILE = KPopdoro/Info.plist;
				LD_RUNPATH_SEARCH_PATHS = (
					"$(inherited)",
					"@executable_path/Frameworks",
				);
				PRODUCT_BUNDLE_IDENTIFIER = Alexis.KPopdoro;
				PRODUCT_NAME = "$(TARGET_NAME)";
				SWIFT_VERSION = 5.0;
				TARGETED_DEVICE_FAMILY = "1,2";
			};
			name = Debug;
		};
		D0623C0025FBEE4500A1EFEF /* Release */ = {
			isa = XCBuildConfiguration;
			buildSettings = {
				ASSETCATALOG_COMPILER_APPICON_NAME = AppIcon;
				ASSETCATALOG_COMPILER_GLOBAL_ACCENT_COLOR_NAME = AccentColor;
				CODE_SIGN_STYLE = Automatic;
				DEVELOPMENT_TEAM = S7297N2DPU;
				INFOPLIST_FILE = KPopdoro/Info.plist;
				LD_RUNPATH_SEARCH_PATHS = (
					"$(inherited)",
					"@executable_path/Frameworks",
				);
				PRODUCT_BUNDLE_IDENTIFIER = Alexis.KPopdoro;
				PRODUCT_NAME = "$(TARGET_NAME)";
				SWIFT_VERSION = 5.0;
				TARGETED_DEVICE_FAMILY = "1,2";
			};
			name = Release;
		};
		D0623C0225FBEE4500A1EFEF /* Debug */ = {
			isa = XCBuildConfiguration;
			buildSettings = {
				ALWAYS_EMBED_SWIFT_STANDARD_LIBRARIES = YES;
				BUNDLE_LOADER = "$(TEST_HOST)";
				CODE_SIGN_STYLE = Automatic;
				DEVELOPMENT_TEAM = S7297N2DPU;
				INFOPLIST_FILE = KPopdoroTests/Info.plist;
				IPHONEOS_DEPLOYMENT_TARGET = 14.2;
				LD_RUNPATH_SEARCH_PATHS = (
					"$(inherited)",
					"@executable_path/Frameworks",
					"@loader_path/Frameworks",
				);
				PRODUCT_BUNDLE_IDENTIFIER = Alexis.KPopdoroTests;
				PRODUCT_NAME = "$(TARGET_NAME)";
				SWIFT_VERSION = 5.0;
				TARGETED_DEVICE_FAMILY = "1,2";
				TEST_HOST = "$(BUILT_PRODUCTS_DIR)/KPopdoro.app/KPopdoro";
			};
			name = Debug;
		};
		D0623C0325FBEE4500A1EFEF /* Release */ = {
			isa = XCBuildConfiguration;
			buildSettings = {
				ALWAYS_EMBED_SWIFT_STANDARD_LIBRARIES = YES;
				BUNDLE_LOADER = "$(TEST_HOST)";
				CODE_SIGN_STYLE = Automatic;
				DEVELOPMENT_TEAM = S7297N2DPU;
				INFOPLIST_FILE = KPopdoroTests/Info.plist;
				IPHONEOS_DEPLOYMENT_TARGET = 14.2;
				LD_RUNPATH_SEARCH_PATHS = (
					"$(inherited)",
					"@executable_path/Frameworks",
					"@loader_path/Frameworks",
				);
				PRODUCT_BUNDLE_IDENTIFIER = Alexis.KPopdoroTests;
				PRODUCT_NAME = "$(TARGET_NAME)";
				SWIFT_VERSION = 5.0;
				TARGETED_DEVICE_FAMILY = "1,2";
				TEST_HOST = "$(BUILT_PRODUCTS_DIR)/KPopdoro.app/KPopdoro";
			};
			name = Release;
		};
		D0623C0525FBEE4500A1EFEF /* Debug */ = {
			isa = XCBuildConfiguration;
			buildSettings = {
				ALWAYS_EMBED_SWIFT_STANDARD_LIBRARIES = YES;
				CODE_SIGN_STYLE = Automatic;
				DEVELOPMENT_TEAM = S7297N2DPU;
				INFOPLIST_FILE = KPopdoroUITests/Info.plist;
				LD_RUNPATH_SEARCH_PATHS = (
					"$(inherited)",
					"@executable_path/Frameworks",
					"@loader_path/Frameworks",
				);
				PRODUCT_BUNDLE_IDENTIFIER = Alexis.KPopdoroUITests;
				PRODUCT_NAME = "$(TARGET_NAME)";
				SWIFT_VERSION = 5.0;
				TARGETED_DEVICE_FAMILY = "1,2";
				TEST_TARGET_NAME = KPopdoro;
			};
			name = Debug;
		};
		D0623C0625FBEE4500A1EFEF /* Release */ = {
			isa = XCBuildConfiguration;
			buildSettings = {
				ALWAYS_EMBED_SWIFT_STANDARD_LIBRARIES = YES;
				CODE_SIGN_STYLE = Automatic;
				DEVELOPMENT_TEAM = S7297N2DPU;
				INFOPLIST_FILE = KPopdoroUITests/Info.plist;
				LD_RUNPATH_SEARCH_PATHS = (
					"$(inherited)",
					"@executable_path/Frameworks",
					"@loader_path/Frameworks",
				);
				PRODUCT_BUNDLE_IDENTIFIER = Alexis.KPopdoroUITests;
				PRODUCT_NAME = "$(TARGET_NAME)";
				SWIFT_VERSION = 5.0;
				TARGETED_DEVICE_FAMILY = "1,2";
				TEST_TARGET_NAME = KPopdoro;
			};
			name = Release;
		};
/* End XCBuildConfiguration section */

/* Begin XCConfigurationList section */
		D0623BCF25FBEE4100A1EFEF /* Build configuration list for PBXProject "KPopdoro" */ = {
			isa = XCConfigurationList;
			buildConfigurations = (
				D0623BFC25FBEE4500A1EFEF /* Debug */,
				D0623BFD25FBEE4500A1EFEF /* Release */,
			);
			defaultConfigurationIsVisible = 0;
			defaultConfigurationName = Release;
		};
		D0623BFE25FBEE4500A1EFEF /* Build configuration list for PBXNativeTarget "KPopdoro" */ = {
			isa = XCConfigurationList;
			buildConfigurations = (
				D0623BFF25FBEE4500A1EFEF /* Debug */,
				D0623C0025FBEE4500A1EFEF /* Release */,
			);
			defaultConfigurationIsVisible = 0;
			defaultConfigurationName = Release;
		};
		D0623C0125FBEE4500A1EFEF /* Build configuration list for PBXNativeTarget "KPopdoroTests" */ = {
			isa = XCConfigurationList;
			buildConfigurations = (
				D0623C0225FBEE4500A1EFEF /* Debug */,
				D0623C0325FBEE4500A1EFEF /* Release */,
			);
			defaultConfigurationIsVisible = 0;
			defaultConfigurationName = Release;
		};
		D0623C0425FBEE4500A1EFEF /* Build configuration list for PBXNativeTarget "KPopdoroUITests" */ = {
			isa = XCConfigurationList;
			buildConfigurations = (
				D0623C0525FBEE4500A1EFEF /* Debug */,
				D0623C0625FBEE4500A1EFEF /* Release */,
			);
			defaultConfigurationIsVisible = 0;
			defaultConfigurationName = Release;
		};
/* End XCConfigurationList section */
	};
	rootObject = D0623BCC25FBEE4100A1EFEF /* Project object */;
}
